
Microsoft Visual Studio Solution File, Format Version 12.00
# Visual Studio Version 16
VisualStudioVersion = 16.0.30509.190
MinimumVisualStudioVersion = 10.0.40219.1
Project("{FAE04EC0-301F-11D3-BF4B-00C04F79EFBC}") = "YouTube Desktop", "YouTube Desktop\YouTube Desktop.csproj", "{F2F5213A-EDA9-4F61-814A-00A5CA1E03A8}"
EndProject
Global
	GlobalSection(SolutionConfigurationPlatforms) = preSolution
		Debug|Any CPU = Debug|Any CPU
		Debug|x64 = Debug|x64
		Release|Any CPU = Release|Any CPU
		Release|x64 = Release|x64
	EndGlobalSection
	GlobalSection(ProjectConfigurationPlatforms) = postSolution
		{F2F5213A-EDA9-4F61-814A-00A5CA1E03A8}.Debug|Any CPU.ActiveCfg = Debug|Any CPU
		{F2F5213A-EDA9-4F61-814A-00A5CA1E03A8}.Debug|Any CPU.Build.0 = Debug|Any CPU
		{F2F5213A-EDA9-4F61-814A-00A5CA1E03A8}.Debug|x64.ActiveCfg = Debug|x64
		{F2F5213A-EDA9-4F61-814A-00A5CA1E03A8}.Debug|x64.Build.0 = Debug|x64
		{F2F5213A-EDA9-4F61-814A-00A5CA1E03A8}.Release|Any CPU.ActiveCfg = Release|Any CPU
		{F2F5213A-EDA9-4F61-814A-00A5CA1E03A8}.Release|Any CPU.Build.0 = Release|Any CPU
		{F2F5213A-EDA9-4F61-814A-00A5CA1E03A8}.Release|x64.ActiveCfg = Release|x64
		{F2F5213A-EDA9-4F61-814A-00A5CA1E03A8}.Release|x64.Build.0 = Release|x64
	EndGlobalSection
	GlobalSection(SolutionProperties) = preSolution
		HideSolutionNode = FALSE
	EndGlobalSection
	GlobalSection(ExtensibilityGlobals) = postSolution
		SolutionGuid = {955C3CFC-AA97-4E11-9C54-60A3177C13D9}
	EndGlobalSection
EndGlobal
