
Microsoft Visual Studio Solution File, Format Version 12.00
# Visual Studio Version 16
VisualStudioVersion = 16.0.30509.190
MinimumVisualStudioVersion = 10.0.40219.1
Project("{FAE04EC0-301F-11D3-BF4B-00C04F79EFBC}") = "YouTubeScrap", "YouTubeScrap\YouTubeScrap.csproj", "{9E2DA141-B7C5-42C4-894A-0735F0FD9BDD}"
EndProject
Project("{FAE04EC0-301F-11D3-BF4B-00C04F79EFBC}") = "YouTubeGUI", "YouTubeGUI\YouTubeGUI.csproj", "{782A7A2A-649C-4236-8BDE-0DF94B315FFF}"
EndProject
Project("{FAE04EC0-301F-11D3-BF4B-00C04F79EFBC}") = "App", "App\App.csproj", "{BF7590D5-853A-41EB-BCD0-BAA6108C8A53}"
EndProject
Global
	GlobalSection(SolutionConfigurationPlatforms) = preSolution
		Debug|Any CPU = Debug|Any CPU
		Debug|x64 = Debug|x64
		Release|Any CPU = Release|Any CPU
		Release|x64 = Release|x64
	EndGlobalSection
	GlobalSection(ProjectConfigurationPlatforms) = postSolution
		{9E2DA141-B7C5-42C4-894A-0735F0FD9BDD}.Debug|Any CPU.ActiveCfg = Debug|Any CPU
		{9E2DA141-B7C5-42C4-894A-0735F0FD9BDD}.Debug|Any CPU.Build.0 = Debug|Any CPU
		{9E2DA141-B7C5-42C4-894A-0735F0FD9BDD}.Debug|x64.ActiveCfg = Debug|Any CPU
		{9E2DA141-B7C5-42C4-894A-0735F0FD9BDD}.Debug|x64.Build.0 = Debug|Any CPU
		{9E2DA141-B7C5-42C4-894A-0735F0FD9BDD}.Release|Any CPU.ActiveCfg = Release|Any CPU
		{9E2DA141-B7C5-42C4-894A-0735F0FD9BDD}.Release|Any CPU.Build.0 = Release|Any CPU
		{9E2DA141-B7C5-42C4-894A-0735F0FD9BDD}.Release|x64.ActiveCfg = Release|Any CPU
		{9E2DA141-B7C5-42C4-894A-0735F0FD9BDD}.Release|x64.Build.0 = Release|Any CPU
		{782A7A2A-649C-4236-8BDE-0DF94B315FFF}.Debug|Any CPU.ActiveCfg = Debug|Any CPU
		{782A7A2A-649C-4236-8BDE-0DF94B315FFF}.Debug|Any CPU.Build.0 = Debug|Any CPU
		{782A7A2A-649C-4236-8BDE-0DF94B315FFF}.Debug|x64.ActiveCfg = Debug|Any CPU
		{782A7A2A-649C-4236-8BDE-0DF94B315FFF}.Debug|x64.Build.0 = Debug|Any CPU
		{782A7A2A-649C-4236-8BDE-0DF94B315FFF}.Release|Any CPU.ActiveCfg = Release|Any CPU
		{782A7A2A-649C-4236-8BDE-0DF94B315FFF}.Release|Any CPU.Build.0 = Release|Any CPU
		{782A7A2A-649C-4236-8BDE-0DF94B315FFF}.Release|x64.ActiveCfg = Release|Any CPU
		{782A7A2A-649C-4236-8BDE-0DF94B315FFF}.Release|x64.Build.0 = Release|Any CPU
		{BF7590D5-853A-41EB-BCD0-BAA6108C8A53}.Debug|Any CPU.ActiveCfg = Debug|Any CPU
		{BF7590D5-853A-41EB-BCD0-BAA6108C8A53}.Debug|Any CPU.Build.0 = Debug|Any CPU
		{BF7590D5-853A-41EB-BCD0-BAA6108C8A53}.Debug|x64.ActiveCfg = Debug|Any CPU
		{BF7590D5-853A-41EB-BCD0-BAA6108C8A53}.Debug|x64.Build.0 = Debug|Any CPU
		{BF7590D5-853A-41EB-BCD0-BAA6108C8A53}.Release|Any CPU.ActiveCfg = Release|Any CPU
		{BF7590D5-853A-41EB-BCD0-BAA6108C8A53}.Release|Any CPU.Build.0 = Release|Any CPU
		{BF7590D5-853A-41EB-BCD0-BAA6108C8A53}.Release|x64.ActiveCfg = Release|Any CPU
		{BF7590D5-853A-41EB-BCD0-BAA6108C8A53}.Release|x64.Build.0 = Release|Any CPU
	EndGlobalSection
	GlobalSection(SolutionProperties) = preSolution
		HideSolutionNode = FALSE
	EndGlobalSection
	GlobalSection(ExtensibilityGlobals) = postSolution
		SolutionGuid = {955C3CFC-AA97-4E11-9C54-60A3177C13D9}
	EndGlobalSection
EndGlobal
